// !$*UTF8*$!
{
	archiveVersion = 1;
	classes = {
	};
	objectVersion = 46;
	objects = {

/* Begin PBXBuildFile section */
		38707FF91B8DAFED00918F14 /* AppDelegate.swift in Sources */ = {isa = PBXBuildFile; fileRef = 38707FF81B8DAFED00918F14 /* AppDelegate.swift */; };
		38707FFB1B8DAFED00918F14 /* ViewController.swift in Sources */ = {isa = PBXBuildFile; fileRef = 38707FFA1B8DAFED00918F14 /* ViewController.swift */; };
		38707FFE1B8DAFED00918F14 /* Main.storyboard in Resources */ = {isa = PBXBuildFile; fileRef = 38707FFC1B8DAFED00918F14 /* Main.storyboard */; };
		387080001B8DAFED00918F14 /* Assets.xcassets in Resources */ = {isa = PBXBuildFile; fileRef = 38707FFF1B8DAFED00918F14 /* Assets.xcassets */; };
		387080031B8DAFED00918F14 /* LaunchScreen.storyboard in Resources */ = {isa = PBXBuildFile; fileRef = 387080011B8DAFED00918F14 /* LaunchScreen.storyboard */; };
/* End PBXBuildFile section */

/* Begin PBXFileReference section */
		38707FF51B8DAFED00918F14 /* AutoScrollView.app */ = {isa = PBXFileReference; explicitFileType = wrapper.application; includeInIndex = 0; path = AutoScrollView.app; sourceTree = BUILT_PRODUCTS_DIR; };
		38707FF81B8DAFED00918F14 /* AppDelegate.swift */ = {isa = PBXFileReference; lastKnownFileType = sourcecode.swift; path = AppDelegate.swift; sourceTree = "<group>"; };
		38707FFA1B8DAFED00918F14 /* ViewController.swift */ = {isa = PBXFileReference; lastKnownFileType = sourcecode.swift; path = ViewController.swift; sourceTree = "<group>"; };
		38707FFD1B8DAFED00918F14 /* Base */ = {isa = PBXFileReference; lastKnownFileType = file.storyboard; name = Base; path = Base.lproj/Main.storyboard; sourceTree = "<group>"; };
		38707FFF1B8DAFED00918F14 /* Assets.xcassets */ = {isa = PBXFileReference; lastKnownFileType = folder.assetcatalog; path = Assets.xcassets; sourceTree = "<group>"; };
		387080021B8DAFED00918F14 /* Base */ = {isa = PBXFileReference; lastKnownFileType = file.storyboard; name = Base; path = Base.lproj/LaunchScreen.storyboard; sourceTree = "<group>"; };
		387080041B8DAFED00918F14 /* Info.plist */ = {isa = PBXFileReference; lastKnownFileType = text.plist.xml; path = Info.plist; sourceTree = "<group>"; };
/* End PBXFileReference section */

/* Begin PBXFrameworksBuildPhase section */
		38707FF21B8DAFED00918F14 /* Frameworks */ = {
			isa = PBXFrameworksBuildPhase;
			buildActionMask = 2147483647;
			files = (
			);
			runOnlyForDeploymentPostprocessing = 0;
		};
/* End PBXFrameworksBuildPhase section */

/* Begin PBXGroup section */
		38707FEC1B8DAFEC00918F14 = {
			isa = PBXGroup;
			children = (
				38707FF71B8DAFED00918F14 /* AutoScrollView */,
				38707FF61B8DAFED00918F14 /* Products */,
			);
			sourceTree = "<group>";
		};
		38707FF61B8DAFED00918F14 /* Products */ = {
			isa = PBXGroup;
			children = (
				38707FF51B8DAFED00918F14 /* AutoScrollView.app */,
			);
			name = Products;
			sourceTree = "<group>";
		};
		38707FF71B8DAFED00918F14 /* AutoScrollView */ = {
			isa = PBXGroup;
			children = (
				38707FF81B8DAFED00918F14 /* AppDelegate.swift */,
				38707FFA1B8DAFED00918F14 /* ViewController.swift */,
				38707FFC1B8DAFED00918F14 /* Main.storyboard */,
				38707FFF1B8DAFED00918F14 /* Assets.xcassets */,
				387080011B8DAFED00918F14 /* LaunchScreen.storyboard */,
				387080041B8DAFED00918F14 /* Info.plist */,
			);
			path = AutoScrollView;
			sourceTree = "<group>";
		};
/* End PBXGroup section */

/* Begin PBXNativeTarget section */
		38707FF41B8DAFED00918F14 /* AutoScrollView */ = {
			isa = PBXNativeTarget;
			buildConfigurationList = 387080071B8DAFED00918F14 /* Build configuration list for PBXNativeTarget "AutoScrollView" */;
			buildPhases = (
				38707FF11B8DAFED00918F14 /* Sources */,
				38707FF21B8DAFED00918F14 /* Frameworks */,
				38707FF31B8DAFED00918F14 /* Resources */,
			);
			buildRules = (
			);
			dependencies = (
			);
			name = AutoScrollView;
			productName = AutoScrollView;
			productReference = 38707FF51B8DAFED00918F14 /* AutoScrollView.app */;
			productType = "com.apple.product-type.application";
		};
/* End PBXNativeTarget section */

/* Begin PBXProject section */
		38707FED1B8DAFEC00918F14 /* Project object */ = {
			isa = PBXProject;
			attributes = {
				LastUpgradeCheck = 0700;
				ORGANIZATIONNAME = "Zhou Hao";
				TargetAttributes = {
					38707FF41B8DAFED00918F14 = {
						CreatedOnToolsVersion = 7.0;
					};
				};
			};
			buildConfigurationList = 38707FF01B8DAFEC00918F14 /* Build configuration list for PBXProject "AutoScrollView" */;
			compatibilityVersion = "Xcode 3.2";
			developmentRegion = English;
			hasScannedForEncodings = 0;
			knownRegions = (
				en,
				Base,
			);
			mainGroup = 38707FEC1B8DAFEC00918F14;
			productRefGroup = 38707FF61B8DAFED00918F14 /* Products */;
			projectDirPath = "";
			projectRoot = "";
			targets = (
				38707FF41B8DAFED00918F14 /* AutoScrollView */,
			);
		};
/* End PBXProject section */

/* Begin PBXResourcesBuildPhase section */
		38707FF31B8DAFED00918F14 /* Resources */ = {
			isa = PBXResourcesBuildPhase;
			buildActionMask = 2147483647;
			files = (
				387080031B8DAFED00918F14 /* LaunchScreen.storyboard in Resources */,
				387080001B8DAFED00918F14 /* Assets.xcassets in Resources */,
				38707FFE1B8DAFED00918F14 /* Main.storyboard in Resources */,
			);
			runOnlyForDeploymentPostprocessing = 0;
		};
/* End PBXResourcesBuildPhase section */

/* Begin PBXSourcesBuildPhase section */
		38707FF11B8DAFED00918F14 /* Sources */ = {
			isa = PBXSourcesBuildPhase;
			buildActionMask = 2147483647;
			files = (
				38707FFB1B8DAFED00918F14 /* ViewController.swift in Sources */,
				38707FF91B8DAFED00918F14 /* AppDelegate.swift in Sources */,
			);
			runOnlyForDeploymentPostprocessing = 0;
		};
/* End PBXSourcesBuildPhase section */

/* Begin PBXVariantGroup section */
		38707FFC1B8DAFED00918F14 /* Main.storyboard */ = {
			isa = PBXVariantGroup;
			children = (
				38707FFD1B8DAFED00918F14 /* Base */,
			);
			name = Main.storyboard;
			sourceTree = "<group>";
		};
		387080011B8DAFED00918F14 /* LaunchScreen.storyboard */ = {
			isa = PBXVariantGroup;
			children = (
				387080021B8DAFED00918F14 /* Base */,
			);
			name = LaunchScreen.storyboard;
			sourceTree = "<group>";
		};
/* End PBXVariantGroup section */

/* Begin XCBuildConfiguration section */
		387080051B8DAFED00918F14 /* Debug */ = {
			isa = XCBuildConfiguration;
			buildSettings = {
				ALWAYS_SEARCH_USER_PATHS = NO;
				CLANG_CXX_LANGUAGE_STANDARD = "gnu++0x";
				CLANG_CXX_LIBRARY = "libc++";
				CLANG_ENABLE_MODULES = YES;
				CLANG_ENABLE_OBJC_ARC = YES;
				CLANG_WARN_BOOL_CONVERSION = YES;
				CLANG_WARN_CONSTANT_CONVERSION = YES;
				CLANG_WARN_DIRECT_OBJC_ISA_USAGE = YES_ERROR;
				CLANG_WARN_EMPTY_BODY = YES;
				CLANG_WARN_ENUM_CONVERSION = YES;
				CLANG_WARN_INT_CONVERSION = YES;
				CLANG_WARN_OBJC_ROOT_CLASS = YES_ERROR;
				CLANG_WARN_UNREACHABLE_CODE = YES;
				CLANG_WARN__DUPLICATE_METHOD_MATCH = YES;
				"CODE_SIGN_IDENTITY[sdk=iphoneos*]" = "iPhone Developer";
				COPY_PHASE_STRIP = NO;
				DEBUG_INFORMATION_FORMAT = dwarf;
				ENABLE_STRICT_OBJC_MSGSEND = YES;
				ENABLE_TESTABILITY = YES;
				GCC_C_LANGUAGE_STANDARD = gnu99;
				GCC_DYNAMIC_NO_PIC = NO;
				GCC_NO_COMMON_BLOCKS = YES;
				GCC_OPTIMIZATION_LEVEL = 0;
				GCC_PREPROCESSOR_DEFINITIONS = (
					"DEBUG=1",
					"$(inherited)",
				);
				GCC_WARN_64_TO_32_BIT_CONVERSION = YES;
				GCC_WARN_ABOUT_RETURN_TYPE = YES_ERROR;
				GCC_WARN_UNDECLARED_SELECTOR = YES;
				GCC_WARN_UNINITIALIZED_AUTOS = YES_AGGRESSIVE;
				GCC_WARN_UNUSED_FUNCTION = YES;
				GCC_WARN_UNUSED_VARIABLE = YES;
				IPHONEOS_DEPLOYMENT_TARGET = 9.0;
				MTL_ENABLE_DEBUG_INFO = YES;
				ONLY_ACTIVE_ARCH = YES;
				SDKROOT = iphoneos;
				SWIFT_OPTIMIZATION_LEVEL = "-Onone";
			};
			name = Debug;
		};
		387080061B8DAFED00918F14 /* Release */ = {
			isa = XCBuildConfiguration;
			buildSettings = {
				ALWAYS_SEARCH_USER_PATHS = NO;
				CLANG_CXX_LANGUAGE_STANDARD = "gnu++0x";
				CLANG_CXX_LIBRARY = "libc++";
				CLANG_ENABLE_MODULES = YES;
				CLANG_ENABLE_OBJC_ARC = YES;
				CLANG_WARN_BOOL_CONVERSION = YES;
				CLANG_WARN_CONSTANT_CONVERSION = YES;
				CLANG_WARN_DIRECT_OBJC_ISA_USAGE = YES_ERROR;
				CLANG_WARN_EMPTY_BODY = YES;
				CLANG_WARN_ENUM_CONVERSION = YES;
				CLANG_WARN_INT_CONVERSION = YES;
				CLANG_WARN_OBJC_ROOT_CLASS = YES_ERROR;
				CLANG_WARN_UNREACHABLE_CODE = YES;
				CLANG_WARN__DUPLICATE_METHOD_MATCH = YES;
				"CODE_SIGN_IDENTITY[sdk=iphoneos*]" = "iPhone Developer";
				COPY_PHASE_STRIP = NO;
				DEBUG_INFORMATION_FORMAT = "dwarf-with-dsym";
				ENABLE_NS_ASSERTIONS = NO;
				ENABLE_STRICT_OBJC_MSGSEND = YES;
				GCC_C_LANGUAGE_STANDARD = gnu99;
				GCC_NO_COMMON_BLOCKS = YES;
				GCC_WARN_64_TO_32_BIT_CONVERSION = YES;
				GCC_WARN_ABOUT_RETURN_TYPE = YES_ERROR;
				GCC_WARN_UNDECLARED_SELECTOR = YES;
				GCC_WARN_UNINITIALIZED_AUTOS = YES_AGGRESSIVE;
				GCC_WARN_UNUSED_FUNCTION = YES;
				GCC_WARN_UNUSED_VARIABLE = YES;
				IPHONEOS_DEPLOYMENT_TARGET = 9.0;
				MTL_ENABLE_DEBUG_INFO = NO;
				SDKROOT = iphoneos;
				VALIDATE_PRODUCT = YES;
			};
			name = Release;
		};
		387080081B8DAFED00918F14 /* Debug */ = {
			isa = XCBuildConfiguration;
			buildSettings = {
				ASSETCATALOG_COMPILER_APPICON_NAME = AppIcon;
				INFOPLIST_FILE = AutoScrollView/Info.plist;
				LD_RUNPATH_SEARCH_PATHS = "$(inherited) @executable_path/Frameworks";
				PRODUCT_BUNDLE_IDENTIFIER = com.wowtv.AutoScrollView;
				PRODUCT_NAME = "$(TARGET_NAME)";
			};
			name = Debug;
		};
		387080091B8DAFED00918F14 /* Release */ = {
			isa = XCBuildConfiguration;
			buildSettings = {
				ASSETCATALOG_COMPILER_APPICON_NAME = AppIcon;
				INFOPLIST_FILE = AutoScrollView/Info.plist;
				LD_RUNPATH_SEARCH_PATHS = "$(inherited) @executable_path/Frameworks";
				PRODUCT_BUNDLE_IDENTIFIER = com.wowtv.AutoScrollView;
				PRODUCT_NAME = "$(TARGET_NAME)";
			};
			name = Release;
		};
/* End XCBuildConfiguration section */

/* Begin XCConfigurationList section */
		38707FF01B8DAFEC00918F14 /* Build configuration list for PBXProject "AutoScrollView" */ = {
			isa = XCConfigurationList;
			buildConfigurations = (
				387080051B8DAFED00918F14 /* Debug */,
				387080061B8DAFED00918F14 /* Release */,
			);
			defaultConfigurationIsVisible = 0;
			defaultConfigurationName = Release;
		};
		387080071B8DAFED00918F14 /* Build configuration list for PBXNativeTarget "AutoScrollView" */ = {
			isa = XCConfigurationList;
			buildConfigurations = (
				387080081B8DAFED00918F14 /* Debug */,
				387080091B8DAFED00918F14 /* Release */,
			);
			defaultConfigurationIsVisible = 0;
		};
/* End XCConfigurationList section */
	};
	rootObject = 38707FED1B8DAFEC00918F14 /* Project object */;
}
